// !$*UTF8*$!
{
	archiveVersion = 1;
	classes = {
	};
	objectVersion = 50;
	objects = {

/* Begin PBXBuildFile section */
		AC5D1A9425CD6A2F00A3D4EB /* TestLifecycleApp.swift in Sources */ = {isa = PBXBuildFile; fileRef = AC5D1A9325CD6A2F00A3D4EB /* TestLifecycleApp.swift */; };
		AC5D1A9625CD6A2F00A3D4EB /* ContentView.swift in Sources */ = {isa = PBXBuildFile; fileRef = AC5D1A9525CD6A2F00A3D4EB /* ContentView.swift */; };
		AC5D1A9825CD6A3000A3D4EB /* Assets.xcassets in Resources */ = {isa = PBXBuildFile; fileRef = AC5D1A9725CD6A3000A3D4EB /* Assets.xcassets */; };
		AC5D1A9B25CD6A3000A3D4EB /* Preview Assets.xcassets in Resources */ = {isa = PBXBuildFile; fileRef = AC5D1A9A25CD6A3000A3D4EB /* Preview Assets.xcassets */; };
/* End PBXBuildFile section */

/* Begin PBXFileReference section */
		AC5D1A9025CD6A2F00A3D4EB /* TestLifecycle.app */ = {isa = PBXFileReference; explicitFileType = wrapper.application; includeInIndex = 0; path = TestLifecycle.app; sourceTree = BUILT_PRODUCTS_DIR; };
		AC5D1A9325CD6A2F00A3D4EB /* TestLifecycleApp.swift */ = {isa = PBXFileReference; lastKnownFileType = sourcecode.swift; path = TestLifecycleApp.swift; sourceTree = "<group>"; };
		AC5D1A9525CD6A2F00A3D4EB /* ContentView.swift */ = {isa = PBXFileReference; lastKnownFileType = sourcecode.swift; path = ContentView.swift; sourceTree = "<group>"; };
		AC5D1A9725CD6A3000A3D4EB /* Assets.xcassets */ = {isa = PBXFileReference; lastKnownFileType = folder.assetcatalog; path = Assets.xcassets; sourceTree = "<group>"; };
		AC5D1A9A25CD6A3000A3D4EB /* Preview Assets.xcassets */ = {isa = PBXFileReference; lastKnownFileType = folder.assetcatalog; path = "Preview Assets.xcassets"; sourceTree = "<group>"; };
		AC5D1A9C25CD6A3000A3D4EB /* Info.plist */ = {isa = PBXFileReference; lastKnownFileType = text.plist.xml; path = Info.plist; sourceTree = "<group>"; };
		AC5D1A9D25CD6A3000A3D4EB /* TestLifecycle.entitlements */ = {isa = PBXFileReference; lastKnownFileType = text.plist.entitlements; path = TestLifecycle.entitlements; sourceTree = "<group>"; };
/* End PBXFileReference section */

/* Begin PBXFrameworksBuildPhase section */
		AC5D1A8D25CD6A2F00A3D4EB /* Frameworks */ = {
			isa = PBXFrameworksBuildPhase;
			buildActionMask = 2147483647;
			files = (
			);
			runOnlyForDeploymentPostprocessing = 0;
		};
/* End PBXFrameworksBuildPhase section */

/* Begin PBXGroup section */
		AC5D1A8725CD6A2F00A3D4EB = {
			isa = PBXGroup;
			children = (
				AC5D1A9225CD6A2F00A3D4EB /* TestLifecycle */,
				AC5D1A9125CD6A2F00A3D4EB /* Products */,
			);
			sourceTree = "<group>";
		};
		AC5D1A9125CD6A2F00A3D4EB /* Products */ = {
			isa = PBXGroup;
			children = (
				AC5D1A9025CD6A2F00A3D4EB /* TestLifecycle.app */,
			);
			name = Products;
			sourceTree = "<group>";
		};
		AC5D1A9225CD6A2F00A3D4EB /* TestLifecycle */ = {
			isa = PBXGroup;
			children = (
				AC5D1A9325CD6A2F00A3D4EB /* TestLifecycleApp.swift */,
				AC5D1A9525CD6A2F00A3D4EB /* ContentView.swift */,
				AC5D1A9725CD6A3000A3D4EB /* Assets.xcassets */,
				AC5D1A9C25CD6A3000A3D4EB /* Info.plist */,
				AC5D1A9D25CD6A3000A3D4EB /* TestLifecycle.entitlements */,
				AC5D1A9925CD6A3000A3D4EB /* Preview Content */,
			);
			path = TestLifecycle;
			sourceTree = "<group>";
		};
		AC5D1A9925CD6A3000A3D4EB /* Preview Content */ = {
			isa = PBXGroup;
			children = (
				AC5D1A9A25CD6A3000A3D4EB /* Preview Assets.xcassets */,
			);
			path = "Preview Content";
			sourceTree = "<group>";
		};
/* End PBXGroup section */

/* Begin PBXNativeTarget section */
		AC5D1A8F25CD6A2F00A3D4EB /* TestLifecycle */ = {
			isa = PBXNativeTarget;
			buildConfigurationList = AC5D1AA025CD6A3000A3D4EB /* Build configuration list for PBXNativeTarget "TestLifecycle" */;
			buildPhases = (
				AC5D1A8C25CD6A2F00A3D4EB /* Sources */,
				AC5D1A8D25CD6A2F00A3D4EB /* Frameworks */,
				AC5D1A8E25CD6A2F00A3D4EB /* Resources */,
			);
			buildRules = (
			);
			dependencies = (
			);
			name = TestLifecycle;
			productName = TestLifecycle;
			productReference = AC5D1A9025CD6A2F00A3D4EB /* TestLifecycle.app */;
			productType = "com.apple.product-type.application";
		};
/* End PBXNativeTarget section */

/* Begin PBXProject section */
		AC5D1A8825CD6A2F00A3D4EB /* Project object */ = {
			isa = PBXProject;
			attributes = {
				LastSwiftUpdateCheck = 1240;
				LastUpgradeCheck = 1240;
				TargetAttributes = {
					AC5D1A8F25CD6A2F00A3D4EB = {
						CreatedOnToolsVersion = 12.4;
					};
				};
			};
			buildConfigurationList = AC5D1A8B25CD6A2F00A3D4EB /* Build configuration list for PBXProject "TestLifecycle" */;
			compatibilityVersion = "Xcode 9.3";
			developmentRegion = en;
			hasScannedForEncodings = 0;
			knownRegions = (
				en,
				Base,
			);
			mainGroup = AC5D1A8725CD6A2F00A3D4EB;
			productRefGroup = AC5D1A9125CD6A2F00A3D4EB /* Products */;
			projectDirPath = "";
			projectRoot = "";
			targets = (
				AC5D1A8F25CD6A2F00A3D4EB /* TestLifecycle */,
			);
		};
/* End PBXProject section */

/* Begin PBXResourcesBuildPhase section */
		AC5D1A8E25CD6A2F00A3D4EB /* Resources */ = {
			isa = PBXResourcesBuildPhase;
			buildActionMask = 2147483647;
			files = (
				AC5D1A9B25CD6A3000A3D4EB /* Preview Assets.xcassets in Resources */,
				AC5D1A9825CD6A3000A3D4EB /* Assets.xcassets in Resources */,
			);
			runOnlyForDeploymentPostprocessing = 0;
		};
/* End PBXResourcesBuildPhase section */

/* Begin PBXSourcesBuildPhase section */
		AC5D1A8C25CD6A2F00A3D4EB /* Sources */ = {
			isa = PBXSourcesBuildPhase;
			buildActionMask = 2147483647;
			files = (
				AC5D1A9625CD6A2F00A3D4EB /* ContentView.swift in Sources */,
				AC5D1A9425CD6A2F00A3D4EB /* TestLifecycleApp.swift in Sources */,
			);
			runOnlyForDeploymentPostprocessing = 0;
		};
/* End PBXSourcesBuildPhase section */

/* Begin XCBuildConfiguration section */
		AC5D1A9E25CD6A3000A3D4EB /* Debug */ = {
			isa = XCBuildConfiguration;
			buildSettings = {
				ALWAYS_SEARCH_USER_PATHS = NO;
				CLANG_ANALYZER_NONNULL = YES;
				CLANG_ANALYZER_NUMBER_OBJECT_CONVERSION = YES_AGGRESSIVE;
				CLANG_CXX_LANGUAGE_STANDARD = "gnu++14";
				CLANG_CXX_LIBRARY = "libc++";
				CLANG_ENABLE_MODULES = YES;
				CLANG_ENABLE_OBJC_ARC = YES;
				CLANG_ENABLE_OBJC_WEAK = YES;
				CLANG_WARN_BLOCK_CAPTURE_AUTORELEASING = YES;
				CLANG_WARN_BOOL_CONVERSION = YES;
				CLANG_WARN_COMMA = YES;
				CLANG_WARN_CONSTANT_CONVERSION = YES;
				CLANG_WARN_DEPRECATED_OBJC_IMPLEMENTATIONS = YES;
				CLANG_WARN_DIRECT_OBJC_ISA_USAGE = YES_ERROR;
				CLANG_WARN_DOCUMENTATION_COMMENTS = YES;
				CLANG_WARN_EMPTY_BODY = YES;
				CLANG_WARN_ENUM_CONVERSION = YES;
				CLANG_WARN_INFINITE_RECURSION = YES;
				CLANG_WARN_INT_CONVERSION = YES;
				CLANG_WARN_NON_LITERAL_NULL_CONVERSION = YES;
				CLANG_WARN_OBJC_IMPLICIT_RETAIN_SELF = YES;
				CLANG_WARN_OBJC_LITERAL_CONVERSION = YES;
				CLANG_WARN_OBJC_ROOT_CLASS = YES_ERROR;
				CLANG_WARN_QUOTED_INCLUDE_IN_FRAMEWORK_HEADER = YES;
				CLANG_WARN_RANGE_LOOP_ANALYSIS = YES;
				CLANG_WARN_STRICT_PROTOTYPES = YES;
				CLANG_WARN_SUSPICIOUS_MOVE = YES;
				CLANG_WARN_UNGUARDED_AVAILABILITY = YES_AGGRESSIVE;
				CLANG_WARN_UNREACHABLE_CODE = YES;
				CLANG_WARN__DUPLICATE_METHOD_MATCH = YES;
				COPY_PHASE_STRIP = NO;
				DEBUG_INFORMATION_FORMAT = dwarf;
				ENABLE_STRICT_OBJC_MSGSEND = YES;
				ENABLE_TESTABILITY = YES;
				GCC_C_LANGUAGE_STANDARD = gnu11;
				GCC_DYNAMIC_NO_PIC = NO;
				GCC_NO_COMMON_BLOCKS = YES;
				GCC_OPTIMIZATION_LEVEL = 0;
				GCC_PREPROCESSOR_DEFINITIONS = (
					"DEBUG=1",
					"$(inherited)",
				);
				GCC_WARN_64_TO_32_BIT_CONVERSION = YES;
				GCC_WARN_ABOUT_RETURN_TYPE = YES_ERROR;
				GCC_WARN_UNDECLARED_SELECTOR = YES;
				GCC_WARN_UNINITIALIZED_AUTOS = YES_AGGRESSIVE;
				GCC_WARN_UNUSED_FUNCTION = YES;
				GCC_WARN_UNUSED_VARIABLE = YES;
				MACOSX_DEPLOYMENT_TARGET = 11.1;
				MTL_ENABLE_DEBUG_INFO = INCLUDE_SOURCE;
				MTL_FAST_MATH = YES;
				ONLY_ACTIVE_ARCH = YES;
				SDKROOT = macosx;
				SWIFT_ACTIVE_COMPILATION_CONDITIONS = DEBUG;
				SWIFT_OPTIMIZATION_LEVEL = "-Onone";
			};
			name = Debug;
		};
		AC5D1A9F25CD6A3000A3D4EB /* Release */ = {
			isa = XCBuildConfiguration;
			buildSettings = {
				ALWAYS_SEARCH_USER_PATHS = NO;
				CLANG_ANALYZER_NONNULL = YES;
				CLANG_ANALYZER_NUMBER_OBJECT_CONVERSION = YES_AGGRESSIVE;
				CLANG_CXX_LANGUAGE_STANDARD = "gnu++14";
				CLANG_CXX_LIBRARY = "libc++";
				CLANG_ENABLE_MODULES = YES;
				CLANG_ENABLE_OBJC_ARC = YES;
				CLANG_ENABLE_OBJC_WEAK = YES;
				CLANG_WARN_BLOCK_CAPTURE_AUTORELEASING = YES;
				CLANG_WARN_BOOL_CONVERSION = YES;
				CLANG_WARN_COMMA = YES;
				CLANG_WARN_CONSTANT_CONVERSION = YES;
				CLANG_WARN_DEPRECATED_OBJC_IMPLEMENTATIONS = YES;
				CLANG_WARN_DIRECT_OBJC_ISA_USAGE = YES_ERROR;
				CLANG_WARN_DOCUMENTATION_COMMENTS = YES;
				CLANG_WARN_EMPTY_BODY = YES;
				CLANG_WARN_ENUM_CONVERSION = YES;
				CLANG_WARN_INFINITE_RECURSION = YES;
				CLANG_WARN_INT_CONVERSION = YES;
				CLANG_WARN_NON_LITERAL_NULL_CONVERSION = YES;
				CLANG_WARN_OBJC_IMPLICIT_RETAIN_SELF = YES;
				CLANG_WARN_OBJC_LITERAL_CONVERSION = YES;
				CLANG_WARN_OBJC_ROOT_CLASS = YES_ERROR;
				CLANG_WARN_QUOTED_INCLUDE_IN_FRAMEWORK_HEADER = YES;
				CLANG_WARN_RANGE_LOOP_ANALYSIS = YES;
				CLANG_WARN_STRICT_PROTOTYPES = YES;
				CLANG_WARN_SUSPICIOUS_MOVE = YES;
				CLANG_WARN_UNGUARDED_AVAILABILITY = YES_AGGRESSIVE;
				CLANG_WARN_UNREACHABLE_CODE = YES;
				CLANG_WARN__DUPLICATE_METHOD_MATCH = YES;
				COPY_PHASE_STRIP = NO;
				DEBUG_INFORMATION_FORMAT = "dwarf-with-dsym";
				ENABLE_NS_ASSERTIONS = NO;
				ENABLE_STRICT_OBJC_MSGSEND = YES;
				GCC_C_LANGUAGE_STANDARD = gnu11;
				GCC_NO_COMMON_BLOCKS = YES;
				GCC_WARN_64_TO_32_BIT_CONVERSION = YES;
				GCC_WARN_ABOUT_RETURN_TYPE = YES_ERROR;
				GCC_WARN_UNDECLARED_SELECTOR = YES;
				GCC_WARN_UNINITIALIZED_AUTOS = YES_AGGRESSIVE;
				GCC_WARN_UNUSED_FUNCTION = YES;
				GCC_WARN_UNUSED_VARIABLE = YES;
				MACOSX_DEPLOYMENT_TARGET = 11.1;
				MTL_ENABLE_DEBUG_INFO = NO;
				MTL_FAST_MATH = YES;
				SDKROOT = macosx;
				SWIFT_COMPILATION_MODE = wholemodule;
				SWIFT_OPTIMIZATION_LEVEL = "-O";
			};
			name = Release;
		};
		AC5D1AA125CD6A3000A3D4EB /* Debug */ = {
			isa = XCBuildConfiguration;
			buildSettings = {
				ASSETCATALOG_COMPILER_APPICON_NAME = AppIcon;
				ASSETCATALOG_COMPILER_GLOBAL_ACCENT_COLOR_NAME = AccentColor;
				CODE_SIGN_ENTITLEMENTS = TestLifecycle/TestLifecycle.entitlements;
				CODE_SIGN_STYLE = Automatic;
				COMBINE_HIDPI_IMAGES = YES;
				DEVELOPMENT_ASSET_PATHS = "\"TestLifecycle/Preview Content\"";
				DEVELOPMENT_TEAM = 2T978BA8LY;
				ENABLE_HARDENED_RUNTIME = YES;
				ENABLE_PREVIEWS = YES;
				INFOPLIST_FILE = TestLifecycle/Info.plist;
				LD_RUNPATH_SEARCH_PATHS = (
					"$(inherited)",
					"@executable_path/../Frameworks",
				);
				MACOSX_DEPLOYMENT_TARGET = 11.0;
				PRODUCT_BUNDLE_IDENTIFIER = com.programario.TestLifecycle;
				PRODUCT_NAME = "$(TARGET_NAME)";
				SWIFT_VERSION = 5.0;
			};
			name = Debug;
		};
		AC5D1AA225CD6A3000A3D4EB /* Release */ = {
			isa = XCBuildConfiguration;
			buildSettings = {
				ASSETCATALOG_COMPILER_APPICON_NAME = AppIcon;
				ASSETCATALOG_COMPILER_GLOBAL_ACCENT_COLOR_NAME = AccentColor;
				CODE_SIGN_ENTITLEMENTS = TestLifecycle/TestLifecycle.entitlements;
				CODE_SIGN_STYLE = Automatic;
				COMBINE_HIDPI_IMAGES = YES;
				DEVELOPMENT_ASSET_PATHS = "\"TestLifecycle/Preview Content\"";
				DEVELOPMENT_TEAM = 2T978BA8LY;
				ENABLE_HARDENED_RUNTIME = YES;
				ENABLE_PREVIEWS = YES;
				INFOPLIST_FILE = TestLifecycle/Info.plist;
				LD_RUNPATH_SEARCH_PATHS = (
					"$(inherited)",
					"@executable_path/../Frameworks",
				);
				MACOSX_DEPLOYMENT_TARGET = 11.0;
				PRODUCT_BUNDLE_IDENTIFIER = com.programario.TestLifecycle;
				PRODUCT_NAME = "$(TARGET_NAME)";
				SWIFT_VERSION = 5.0;
			};
			name = Release;
		};
/* End XCBuildConfiguration section */

/* Begin XCConfigurationList section */
		AC5D1A8B25CD6A2F00A3D4EB /* Build configuration list for PBXProject "TestLifecycle" */ = {
			isa = XCConfigurationList;
			buildConfigurations = (
				AC5D1A9E25CD6A3000A3D4EB /* Debug */,
				AC5D1A9F25CD6A3000A3D4EB /* Release */,
			);
			defaultConfigurationIsVisible = 0;
			defaultConfigurationName = Release;
		};
		AC5D1AA025CD6A3000A3D4EB /* Build configuration list for PBXNativeTarget "TestLifecycle" */ = {
			isa = XCConfigurationList;
			buildConfigurations = (
				AC5D1AA125CD6A3000A3D4EB /* Debug */,
				AC5D1AA225CD6A3000A3D4EB /* Release */,
			);
			defaultConfigurationIsVisible = 0;
			defaultConfigurationName = Release;
		};
/* End XCConfigurationList section */
	};
	rootObject = AC5D1A8825CD6A2F00A3D4EB /* Project object */;
}
